
Microsoft Visual Studio Solution File, Format Version 12.00
# Visual Studio Version 16
VisualStudioVersion = 16.0.30114.105
MinimumVisualStudioVersion = 10.0.40219.1
Project("{9A19103F-16F7-4668-BE54-9A1E7A4F7556}") = "Producer.API", "Producer.API\Producer.API.csproj", "{DE117D7F-D68D-4F09-A555-6B5EA89096E0}"
EndProject
Project("{9A19103F-16F7-4668-BE54-9A1E7A4F7556}") = "Consumer", "Consumer\Consumer.csproj", "{AC6B3727-2B86-4F43-AFEA-57E25A5217F9}"
EndProject
Project("{9A19103F-16F7-4668-BE54-9A1E7A4F7556}") = "Messages", "Messages\Messages.csproj", "{AFAE55F8-AFDB-48EF-8A79-00EA9A0DF941}"
EndProject
Global
	GlobalSection(SolutionConfigurationPlatforms) = preSolution
		Debug|Any CPU = Debug|Any CPU
		Debug|x64 = Debug|x64
		Debug|x86 = Debug|x86
		Release|Any CPU = Release|Any CPU
		Release|x64 = Release|x64
		Release|x86 = Release|x86
	EndGlobalSection
	GlobalSection(ProjectConfigurationPlatforms) = postSolution
		{DE117D7F-D68D-4F09-A555-6B5EA89096E0}.Debug|Any CPU.ActiveCfg = Debug|Any CPU
		{DE117D7F-D68D-4F09-A555-6B5EA89096E0}.Debug|Any CPU.Build.0 = Debug|Any CPU
		{DE117D7F-D68D-4F09-A555-6B5EA89096E0}.Debug|x64.ActiveCfg = Debug|Any CPU
		{DE117D7F-D68D-4F09-A555-6B5EA89096E0}.Debug|x64.Build.0 = Debug|Any CPU
		{DE117D7F-D68D-4F09-A555-6B5EA89096E0}.Debug|x86.ActiveCfg = Debug|Any CPU
		{DE117D7F-D68D-4F09-A555-6B5EA89096E0}.Debug|x86.Build.0 = Debug|Any CPU
		{DE117D7F-D68D-4F09-A555-6B5EA89096E0}.Release|Any CPU.ActiveCfg = Release|Any CPU
		{DE117D7F-D68D-4F09-A555-6B5EA89096E0}.Release|Any CPU.Build.0 = Release|Any CPU
		{DE117D7F-D68D-4F09-A555-6B5EA89096E0}.Release|x64.ActiveCfg = Release|Any CPU
		{DE117D7F-D68D-4F09-A555-6B5EA89096E0}.Release|x64.Build.0 = Release|Any CPU
		{DE117D7F-D68D-4F09-A555-6B5EA89096E0}.Release|x86.ActiveCfg = Release|Any CPU
		{DE117D7F-D68D-4F09-A555-6B5EA89096E0}.Release|x86.Build.0 = Release|Any CPU
		{AC6B3727-2B86-4F43-AFEA-57E25A5217F9}.Debug|Any CPU.ActiveCfg = Debug|Any CPU
		{AC6B3727-2B86-4F43-AFEA-57E25A5217F9}.Debug|Any CPU.Build.0 = Debug|Any CPU
		{AC6B3727-2B86-4F43-AFEA-57E25A5217F9}.Debug|x64.ActiveCfg = Debug|Any CPU
		{AC6B3727-2B86-4F43-AFEA-57E25A5217F9}.Debug|x64.Build.0 = Debug|Any CPU
		{AC6B3727-2B86-4F43-AFEA-57E25A5217F9}.Debug|x86.ActiveCfg = Debug|Any CPU
		{AC6B3727-2B86-4F43-AFEA-57E25A5217F9}.Debug|x86.Build.0 = Debug|Any CPU
		{AC6B3727-2B86-4F43-AFEA-57E25A5217F9}.Release|Any CPU.ActiveCfg = Release|Any CPU
		{AC6B3727-2B86-4F43-AFEA-57E25A5217F9}.Release|Any CPU.Build.0 = Release|Any CPU
		{AC6B3727-2B86-4F43-AFEA-57E25A5217F9}.Release|x64.ActiveCfg = Release|Any CPU
		{AC6B3727-2B86-4F43-AFEA-57E25A5217F9}.Release|x64.Build.0 = Release|Any CPU
		{AC6B3727-2B86-4F43-AFEA-57E25A5217F9}.Release|x86.ActiveCfg = Release|Any CPU
		{AC6B3727-2B86-4F43-AFEA-57E25A5217F9}.Release|x86.Build.0 = Release|Any CPU
		{AFAE55F8-AFDB-48EF-8A79-00EA9A0DF941}.Debug|Any CPU.ActiveCfg = Debug|Any CPU
		{AFAE55F8-AFDB-48EF-8A79-00EA9A0DF941}.Debug|Any CPU.Build.0 = Debug|Any CPU
		{AFAE55F8-AFDB-48EF-8A79-00EA9A0DF941}.Debug|x64.ActiveCfg = Debug|Any CPU
		{AFAE55F8-AFDB-48EF-8A79-00EA9A0DF941}.Debug|x64.Build.0 = Debug|Any CPU
		{AFAE55F8-AFDB-48EF-8A79-00EA9A0DF941}.Debug|x86.ActiveCfg = Debug|Any CPU
		{AFAE55F8-AFDB-48EF-8A79-00EA9A0DF941}.Debug|x86.Build.0 = Debug|Any CPU
		{AFAE55F8-AFDB-48EF-8A79-00EA9A0DF941}.Release|Any CPU.ActiveCfg = Release|Any CPU
		{AFAE55F8-AFDB-48EF-8A79-00EA9A0DF941}.Release|Any CPU.Build.0 = Release|Any CPU
		{AFAE55F8-AFDB-48EF-8A79-00EA9A0DF941}.Release|x64.ActiveCfg = Release|Any CPU
		{AFAE55F8-AFDB-48EF-8A79-00EA9A0DF941}.Release|x64.Build.0 = Release|Any CPU
		{AFAE55F8-AFDB-48EF-8A79-00EA9A0DF941}.Release|x86.ActiveCfg = Release|Any CPU
		{AFAE55F8-AFDB-48EF-8A79-00EA9A0DF941}.Release|x86.Build.0 = Release|Any CPU
	EndGlobalSection
	GlobalSection(SolutionProperties) = preSolution
		HideSolutionNode = FALSE
	EndGlobalSection
	GlobalSection(ExtensibilityGlobals) = postSolution
		SolutionGuid = {B24F0EC6-03D4-49DB-9F76-E62A97C41CDA}
	EndGlobalSection
EndGlobal
